// !$*UTF8*$!
{
	archiveVersion = 1;
	classes = {
	};
	objectVersion = 46;
	objects = {

/* Begin PBXBuildFile section */
		6398D27C1F95F38B005EF252 /* main.m in Sources */ = {isa = PBXBuildFile; fileRef = 6398D27B1F95F38B005EF252 /* main.m */; };
		6398D27F1F95F38B005EF252 /* AppDelegate.m in Sources */ = {isa = PBXBuildFile; fileRef = 6398D27E1F95F38B005EF252 /* AppDelegate.m */; };
		6398D2821F95F38B005EF252 /* ViewController.m in Sources */ = {isa = PBXBuildFile; fileRef = 6398D2811F95F38B005EF252 /* ViewController.m */; };
		6398D2851F95F38B005EF252 /* Main.storyboard in Resources */ = {isa = PBXBuildFile; fileRef = 6398D2831F95F38B005EF252 /* Main.storyboard */; };
		6398D2871F95F38B005EF252 /* Assets.xcassets in Resources */ = {isa = PBXBuildFile; fileRef = 6398D2861F95F38B005EF252 /* Assets.xcassets */; };
		6398D28A1F95F38C005EF252 /* LaunchScreen.storyboard in Resources */ = {isa = PBXBuildFile; fileRef = 6398D2881F95F38C005EF252 /* LaunchScreen.storyboard */; };
		63BBB2B91F975D7D00FDAB37 /* TabBarController.m in Sources */ = {isa = PBXBuildFile; fileRef = 63BBB2B81F975D7D00FDAB37 /* TabBarController.m */; };
		63BD02851F973CCE00F0DDAD /* SecondViewController.m in Sources */ = {isa = PBXBuildFile; fileRef = 63BD02841F973CCE00F0DDAD /* SecondViewController.m */; };
		63BD02881F97529C00F0DDAD /* ServerCheckViewController.m in Sources */ = {isa = PBXBuildFile; fileRef = 63BD02871F97529C00F0DDAD /* ServerCheckViewController.m */; };
/* End PBXBuildFile section */

/* Begin PBXFileReference section */
		6398D2771F95F38B005EF252 /* ssb64-online-support.app */ = {isa = PBXFileReference; explicitFileType = wrapper.application; includeInIndex = 0; path = "ssb64-online-support.app"; sourceTree = BUILT_PRODUCTS_DIR; };
		6398D27B1F95F38B005EF252 /* main.m */ = {isa = PBXFileReference; lastKnownFileType = sourcecode.c.objc; path = main.m; sourceTree = "<group>"; };
		6398D27D1F95F38B005EF252 /* AppDelegate.h */ = {isa = PBXFileReference; lastKnownFileType = sourcecode.c.h; path = AppDelegate.h; sourceTree = "<group>"; };
		6398D27E1F95F38B005EF252 /* AppDelegate.m */ = {isa = PBXFileReference; lastKnownFileType = sourcecode.c.objc; path = AppDelegate.m; sourceTree = "<group>"; };
		6398D2801F95F38B005EF252 /* ViewController.h */ = {isa = PBXFileReference; lastKnownFileType = sourcecode.c.h; path = ViewController.h; sourceTree = "<group>"; };
		6398D2811F95F38B005EF252 /* ViewController.m */ = {isa = PBXFileReference; lastKnownFileType = sourcecode.c.objc; path = ViewController.m; sourceTree = "<group>"; };
		6398D2841F95F38B005EF252 /* Base */ = {isa = PBXFileReference; lastKnownFileType = file.storyboard; name = Base; path = Base.lproj/Main.storyboard; sourceTree = "<group>"; };
		6398D2861F95F38B005EF252 /* Assets.xcassets */ = {isa = PBXFileReference; lastKnownFileType = folder.assetcatalog; path = Assets.xcassets; sourceTree = "<group>"; };
		6398D2891F95F38C005EF252 /* Base */ = {isa = PBXFileReference; lastKnownFileType = file.storyboard; name = Base; path = Base.lproj/LaunchScreen.storyboard; sourceTree = "<group>"; };
		6398D28B1F95F38C005EF252 /* Info.plist */ = {isa = PBXFileReference; lastKnownFileType = text.plist.xml; path = Info.plist; sourceTree = "<group>"; };
		63BBB2B71F975D7D00FDAB37 /* TabBarController.h */ = {isa = PBXFileReference; fileEncoding = 4; lastKnownFileType = sourcecode.c.h; path = TabBarController.h; sourceTree = "<group>"; };
		63BBB2B81F975D7D00FDAB37 /* TabBarController.m */ = {isa = PBXFileReference; fileEncoding = 4; lastKnownFileType = sourcecode.c.objc; path = TabBarController.m; sourceTree = "<group>"; };
		63BD02831F973CCE00F0DDAD /* SecondViewController.h */ = {isa = PBXFileReference; fileEncoding = 4; lastKnownFileType = sourcecode.c.h; path = SecondViewController.h; sourceTree = "<group>"; };
		63BD02841F973CCE00F0DDAD /* SecondViewController.m */ = {isa = PBXFileReference; fileEncoding = 4; lastKnownFileType = sourcecode.c.objc; path = SecondViewController.m; sourceTree = "<group>"; };
		63BD02861F97529C00F0DDAD /* ServerCheckViewController.h */ = {isa = PBXFileReference; fileEncoding = 4; lastKnownFileType = sourcecode.c.h; path = ServerCheckViewController.h; sourceTree = "<group>"; };
		63BD02871F97529C00F0DDAD /* ServerCheckViewController.m */ = {isa = PBXFileReference; fileEncoding = 4; lastKnownFileType = sourcecode.c.objc; path = ServerCheckViewController.m; sourceTree = "<group>"; };
/* End PBXFileReference section */

/* Begin PBXFrameworksBuildPhase section */
		6398D2741F95F38B005EF252 /* Frameworks */ = {
			isa = PBXFrameworksBuildPhase;
			buildActionMask = 2147483647;
			files = (
			);
			runOnlyForDeploymentPostprocessing = 0;
		};
/* End PBXFrameworksBuildPhase section */

/* Begin PBXGroup section */
		6398D26E1F95F38B005EF252 = {
			isa = PBXGroup;
			children = (
				6398D2791F95F38B005EF252 /* ssb64-online-support */,
				6398D2781F95F38B005EF252 /* Products */,
			);
			sourceTree = "<group>";
		};
		6398D2781F95F38B005EF252 /* Products */ = {
			isa = PBXGroup;
			children = (
				6398D2771F95F38B005EF252 /* ssb64-online-support.app */,
			);
			name = Products;
			sourceTree = "<group>";
		};
		6398D2791F95F38B005EF252 /* ssb64-online-support */ = {
			isa = PBXGroup;
			children = (
				6398D27D1F95F38B005EF252 /* AppDelegate.h */,
				6398D27E1F95F38B005EF252 /* AppDelegate.m */,
				6398D2801F95F38B005EF252 /* ViewController.h */,
				6398D2811F95F38B005EF252 /* ViewController.m */,
				6398D2831F95F38B005EF252 /* Main.storyboard */,
				63BBB2B71F975D7D00FDAB37 /* TabBarController.h */,
				63BBB2B81F975D7D00FDAB37 /* TabBarController.m */,
				63BD02861F97529C00F0DDAD /* ServerCheckViewController.h */,
				63BD02871F97529C00F0DDAD /* ServerCheckViewController.m */,
				6398D2861F95F38B005EF252 /* Assets.xcassets */,
				6398D2881F95F38C005EF252 /* LaunchScreen.storyboard */,
				63BD02831F973CCE00F0DDAD /* SecondViewController.h */,
				63BD02841F973CCE00F0DDAD /* SecondViewController.m */,
				6398D28B1F95F38C005EF252 /* Info.plist */,
				6398D27A1F95F38B005EF252 /* Supporting Files */,
			);
			path = "ssb64-online-support";
			sourceTree = "<group>";
		};
		6398D27A1F95F38B005EF252 /* Supporting Files */ = {
			isa = PBXGroup;
			children = (
				6398D27B1F95F38B005EF252 /* main.m */,
			);
			name = "Supporting Files";
			sourceTree = "<group>";
		};
/* End PBXGroup section */

/* Begin PBXNativeTarget section */
		6398D2761F95F38B005EF252 /* ssb64-online-support */ = {
			isa = PBXNativeTarget;
			buildConfigurationList = 6398D28E1F95F38C005EF252 /* Build configuration list for PBXNativeTarget "ssb64-online-support" */;
			buildPhases = (
				6398D2731F95F38B005EF252 /* Sources */,
				6398D2741F95F38B005EF252 /* Frameworks */,
				6398D2751F95F38B005EF252 /* Resources */,
			);
			buildRules = (
			);
			dependencies = (
			);
			name = "ssb64-online-support";
			productName = "ssb64-online-support";
			productReference = 6398D2771F95F38B005EF252 /* ssb64-online-support.app */;
			productType = "com.apple.product-type.application";
		};
/* End PBXNativeTarget section */

/* Begin PBXProject section */
		6398D26F1F95F38B005EF252 /* Project object */ = {
			isa = PBXProject;
			attributes = {
				LastUpgradeCheck = 0820;
				ORGANIZATIONNAME = Kurabba;
				TargetAttributes = {
					6398D2761F95F38B005EF252 = {
						CreatedOnToolsVersion = 8.2.1;
						ProvisioningStyle = Automatic;
					};
				};
			};
			buildConfigurationList = 6398D2721F95F38B005EF252 /* Build configuration list for PBXProject "ssb64-online-support" */;
			compatibilityVersion = "Xcode 3.2";
			developmentRegion = English;
			hasScannedForEncodings = 0;
			knownRegions = (
				en,
				Base,
			);
			mainGroup = 6398D26E1F95F38B005EF252;
			productRefGroup = 6398D2781F95F38B005EF252 /* Products */;
			projectDirPath = "";
			projectRoot = "";
			targets = (
				6398D2761F95F38B005EF252 /* ssb64-online-support */,
			);
		};
/* End PBXProject section */

/* Begin PBXResourcesBuildPhase section */
		6398D2751F95F38B005EF252 /* Resources */ = {
			isa = PBXResourcesBuildPhase;
			buildActionMask = 2147483647;
			files = (
				6398D28A1F95F38C005EF252 /* LaunchScreen.storyboard in Resources */,
				6398D2871F95F38B005EF252 /* Assets.xcassets in Resources */,
				6398D2851F95F38B005EF252 /* Main.storyboard in Resources */,
			);
			runOnlyForDeploymentPostprocessing = 0;
		};
/* End PBXResourcesBuildPhase section */

/* Begin PBXSourcesBuildPhase section */
		6398D2731F95F38B005EF252 /* Sources */ = {
			isa = PBXSourcesBuildPhase;
			buildActionMask = 2147483647;
			files = (
				63BD02851F973CCE00F0DDAD /* SecondViewController.m in Sources */,
				6398D2821F95F38B005EF252 /* ViewController.m in Sources */,
				63BD02881F97529C00F0DDAD /* ServerCheckViewController.m in Sources */,
				63BBB2B91F975D7D00FDAB37 /* TabBarController.m in Sources */,
				6398D27F1F95F38B005EF252 /* AppDelegate.m in Sources */,
				6398D27C1F95F38B005EF252 /* main.m in Sources */,
			);
			runOnlyForDeploymentPostprocessing = 0;
		};
/* End PBXSourcesBuildPhase section */

/* Begin PBXVariantGroup section */
		6398D2831F95F38B005EF252 /* Main.storyboard */ = {
			isa = PBXVariantGroup;
			children = (
				6398D2841F95F38B005EF252 /* Base */,
			);
			name = Main.storyboard;
			sourceTree = "<group>";
		};
		6398D2881F95F38C005EF252 /* LaunchScreen.storyboard */ = {
			isa = PBXVariantGroup;
			children = (
				6398D2891F95F38C005EF252 /* Base */,
			);
			name = LaunchScreen.storyboard;
			sourceTree = "<group>";
		};
/* End PBXVariantGroup section */

/* Begin XCBuildConfiguration section */
		6398D28C1F95F38C005EF252 /* Debug */ = {
			isa = XCBuildConfiguration;
			buildSettings = {
				ALWAYS_SEARCH_USER_PATHS = NO;
				CLANG_ANALYZER_NONNULL = YES;
				CLANG_CXX_LANGUAGE_STANDARD = "gnu++0x";
				CLANG_CXX_LIBRARY = "libc++";
				CLANG_ENABLE_MODULES = YES;
				CLANG_ENABLE_OBJC_ARC = YES;
				CLANG_WARN_BOOL_CONVERSION = YES;
				CLANG_WARN_CONSTANT_CONVERSION = YES;
				CLANG_WARN_DIRECT_OBJC_ISA_USAGE = YES_ERROR;
				CLANG_WARN_DOCUMENTATION_COMMENTS = YES;
				CLANG_WARN_EMPTY_BODY = YES;
				CLANG_WARN_ENUM_CONVERSION = YES;
				CLANG_WARN_INFINITE_RECURSION = YES;
				CLANG_WARN_INT_CONVERSION = YES;
				CLANG_WARN_OBJC_ROOT_CLASS = YES_ERROR;
				CLANG_WARN_SUSPICIOUS_MOVE = YES;
				CLANG_WARN_UNREACHABLE_CODE = YES;
				CLANG_WARN__DUPLICATE_METHOD_MATCH = YES;
				"CODE_SIGN_IDENTITY[sdk=iphoneos*]" = "iPhone Developer";
				COPY_PHASE_STRIP = NO;
				DEBUG_INFORMATION_FORMAT = dwarf;
				ENABLE_STRICT_OBJC_MSGSEND = YES;
				ENABLE_TESTABILITY = YES;
				GCC_C_LANGUAGE_STANDARD = gnu99;
				GCC_DYNAMIC_NO_PIC = NO;
				GCC_NO_COMMON_BLOCKS = YES;
				GCC_OPTIMIZATION_LEVEL = 0;
				GCC_PREPROCESSOR_DEFINITIONS = (
					"DEBUG=1",
					"$(inherited)",
				);
				GCC_WARN_64_TO_32_BIT_CONVERSION = YES;
				GCC_WARN_ABOUT_RETURN_TYPE = YES_ERROR;
				GCC_WARN_UNDECLARED_SELECTOR = YES;
				GCC_WARN_UNINITIALIZED_AUTOS = YES_AGGRESSIVE;
				GCC_WARN_UNUSED_FUNCTION = YES;
				GCC_WARN_UNUSED_VARIABLE = YES;
				IPHONEOS_DEPLOYMENT_TARGET = 10.2;
				MTL_ENABLE_DEBUG_INFO = YES;
				ONLY_ACTIVE_ARCH = YES;
				SDKROOT = iphoneos;
			};
			name = Debug;
		};
		6398D28D1F95F38C005EF252 /* Release */ = {
			isa = XCBuildConfiguration;
			buildSettings = {
				ALWAYS_SEARCH_USER_PATHS = NO;
				CLANG_ANALYZER_NONNULL = YES;
				CLANG_CXX_LANGUAGE_STANDARD = "gnu++0x";
				CLANG_CXX_LIBRARY = "libc++";
				CLANG_ENABLE_MODULES = YES;
				CLANG_ENABLE_OBJC_ARC = YES;
				CLANG_WARN_BOOL_CONVERSION = YES;
				CLANG_WARN_CONSTANT_CONVERSION = YES;
				CLANG_WARN_DIRECT_OBJC_ISA_USAGE = YES_ERROR;
				CLANG_WARN_DOCUMENTATION_COMMENTS = YES;
				CLANG_WARN_EMPTY_BODY = YES;
				CLANG_WARN_ENUM_CONVERSION = YES;
				CLANG_WARN_INFINITE_RECURSION = YES;
				CLANG_WARN_INT_CONVERSION = YES;
				CLANG_WARN_OBJC_ROOT_CLASS = YES_ERROR;
				CLANG_WARN_SUSPICIOUS_MOVE = YES;
				CLANG_WARN_UNREACHABLE_CODE = YES;
				CLANG_WARN__DUPLICATE_METHOD_MATCH = YES;
				"CODE_SIGN_IDENTITY[sdk=iphoneos*]" = "iPhone Developer";
				COPY_PHASE_STRIP = NO;
				DEBUG_INFORMATION_FORMAT = "dwarf-with-dsym";
				ENABLE_NS_ASSERTIONS = NO;
				ENABLE_STRICT_OBJC_MSGSEND = YES;
				GCC_C_LANGUAGE_STANDARD = gnu99;
				GCC_NO_COMMON_BLOCKS = YES;
				GCC_WARN_64_TO_32_BIT_CONVERSION = YES;
				GCC_WARN_ABOUT_RETURN_TYPE = YES_ERROR;
				GCC_WARN_UNDECLARED_SELECTOR = YES;
				GCC_WARN_UNINITIALIZED_AUTOS = YES_AGGRESSIVE;
				GCC_WARN_UNUSED_FUNCTION = YES;
				GCC_WARN_UNUSED_VARIABLE = YES;
				IPHONEOS_DEPLOYMENT_TARGET = 10.2;
				MTL_ENABLE_DEBUG_INFO = NO;
				SDKROOT = iphoneos;
				VALIDATE_PRODUCT = YES;
			};
			name = Release;
		};
		6398D28F1F95F38C005EF252 /* Debug */ = {
			isa = XCBuildConfiguration;
			buildSettings = {
				ASSETCATALOG_COMPILER_APPICON_NAME = AppIcon;
				INFOPLIST_FILE = "ssb64-online-support/Info.plist";
				LD_RUNPATH_SEARCH_PATHS = "$(inherited) @executable_path/Frameworks";
				PRODUCT_BUNDLE_IDENTIFIER = "kurabba.smash.ssb64-online-support";
				PRODUCT_NAME = "$(TARGET_NAME)";
			};
			name = Debug;
		};
		6398D2901F95F38C005EF252 /* Release */ = {
			isa = XCBuildConfiguration;
			buildSettings = {
				ASSETCATALOG_COMPILER_APPICON_NAME = AppIcon;
				INFOPLIST_FILE = "ssb64-online-support/Info.plist";
				LD_RUNPATH_SEARCH_PATHS = "$(inherited) @executable_path/Frameworks";
				PRODUCT_BUNDLE_IDENTIFIER = "kurabba.smash.ssb64-online-support";
				PRODUCT_NAME = "$(TARGET_NAME)";
			};
			name = Release;
		};
/* End XCBuildConfiguration section */

/* Begin XCConfigurationList section */
		6398D2721F95F38B005EF252 /* Build configuration list for PBXProject "ssb64-online-support" */ = {
			isa = XCConfigurationList;
			buildConfigurations = (
				6398D28C1F95F38C005EF252 /* Debug */,
				6398D28D1F95F38C005EF252 /* Release */,
			);
			defaultConfigurationIsVisible = 0;
			defaultConfigurationName = Release;
		};
		6398D28E1F95F38C005EF252 /* Build configuration list for PBXNativeTarget "ssb64-online-support" */ = {
			isa = XCConfigurationList;
			buildConfigurations = (
				6398D28F1F95F38C005EF252 /* Debug */,
				6398D2901F95F38C005EF252 /* Release */,
			);
			defaultConfigurationIsVisible = 0;
			defaultConfigurationName = Release;
		};
/* End XCConfigurationList section */
	};
	rootObject = 6398D26F1F95F38B005EF252 /* Project object */;
}
